
Microsoft Visual Studio Solution File, Format Version 12.00
# Visual Studio Version 17
VisualStudioVersion = 17.2.32602.215
MinimumVisualStudioVersion = 10.0.40219.1
Project("{2150E333-8FDC-42A3-9474-1A3956D46DE8}") = "Api", "Api", "{D2A9E16D-E584-4765-A3FA-7E90D746206E}"
EndProject
Project("{2150E333-8FDC-42A3-9474-1A3956D46DE8}") = "Domain", "Domain", "{8A87A333-34F7-438D-9D6F-7059B572C7DF}"
EndProject
Project("{2150E333-8FDC-42A3-9474-1A3956D46DE8}") = "Infrastructure", "Infrastructure", "{413F2EF6-D750-4D21-B4B4-7353B280F7D4}"
EndProject
Project("{2150E333-8FDC-42A3-9474-1A3956D46DE8}") = "Solution Items", "Solution Items", "{9FCBD2BF-FD22-4E01-A1A2-56CABF6C94FF}"
	ProjectSection(SolutionItems) = preProject
		README.md = README.md
	EndProjectSection
EndProject
Project("{9A19103F-16F7-4668-BE54-9A1E7A4F7556}") = "OMS.Administration.Api", "src\OMS.Administration.Api\OMS.Administration.Api.csproj", "{42DAF224-F910-47C1-8074-A60432F14294}"
EndProject
Project("{9A19103F-16F7-4668-BE54-9A1E7A4F7556}") = "OMS.Administration.Domain", "src\OMS.Administration.Domain\OMS.Administration.Domain.csproj", "{F032794B-043C-40D6-9482-9C47BA459A70}"
EndProject
Project("{9A19103F-16F7-4668-BE54-9A1E7A4F7556}") = "OMS.Administration.Infrasturcture", "src\OMS.Administration.Persistence\OMS.Administration.Infrasturcture.csproj", "{D6634D82-B6D6-4FAB-B292-66EA869E41A6}"
EndProject
Project("{9A19103F-16F7-4668-BE54-9A1E7A4F7556}") = "OMS.Administration.Migrations", "src\OMS.Administration.Migrations\OMS.Administration.Migrations.csproj", "{0E8E2C75-1D4C-4632-B427-F261EB58E149}"
EndProject
Project("{2150E333-8FDC-42A3-9474-1A3956D46DE8}") = "Tests", "Tests", "{0DE0F646-94FA-4ED2-9A34-FBB7A3F52350}"
EndProject
Project("{2150E333-8FDC-42A3-9474-1A3956D46DE8}") = "Migrations", "Migrations", "{D3AE5B82-5869-46F2-BC2B-1AC7C58FBE1C}"
EndProject
Project("{9A19103F-16F7-4668-BE54-9A1E7A4F7556}") = "OMS.DataAccess.Shared", "..\OMS.Shared\src\OMS.DataAccess.Shared\OMS.DataAccess.Shared.csproj", "{AC3A1B5E-72EB-442C-9901-2BD846941F3B}"
EndProject
Project("{9A19103F-16F7-4668-BE54-9A1E7A4F7556}") = "OMS.Extensions.Configuration.Vault", "..\OMS.Shared\src\OMS.Extensions.Configuration.Vault\OMS.Extensions.Configuration.Vault.csproj", "{1FF53649-95DC-450A-A802-DEE5F9AC4BA9}"
EndProject
Project("{2150E333-8FDC-42A3-9474-1A3956D46DE8}") = "Shared", "Shared", "{DB5514EA-5812-4579-B1BD-51BF62D43292}"
EndProject
Global
	GlobalSection(SolutionConfigurationPlatforms) = preSolution
		Debug|Any CPU = Debug|Any CPU
		Release|Any CPU = Release|Any CPU
	EndGlobalSection
	GlobalSection(ProjectConfigurationPlatforms) = postSolution
		{42DAF224-F910-47C1-8074-A60432F14294}.Debug|Any CPU.ActiveCfg = Debug|Any CPU
		{42DAF224-F910-47C1-8074-A60432F14294}.Debug|Any CPU.Build.0 = Debug|Any CPU
		{42DAF224-F910-47C1-8074-A60432F14294}.Release|Any CPU.ActiveCfg = Release|Any CPU
		{42DAF224-F910-47C1-8074-A60432F14294}.Release|Any CPU.Build.0 = Release|Any CPU
		{F032794B-043C-40D6-9482-9C47BA459A70}.Debug|Any CPU.ActiveCfg = Debug|Any CPU
		{F032794B-043C-40D6-9482-9C47BA459A70}.Debug|Any CPU.Build.0 = Debug|Any CPU
		{F032794B-043C-40D6-9482-9C47BA459A70}.Release|Any CPU.ActiveCfg = Release|Any CPU
		{F032794B-043C-40D6-9482-9C47BA459A70}.Release|Any CPU.Build.0 = Release|Any CPU
		{D6634D82-B6D6-4FAB-B292-66EA869E41A6}.Debug|Any CPU.ActiveCfg = Debug|Any CPU
		{D6634D82-B6D6-4FAB-B292-66EA869E41A6}.Debug|Any CPU.Build.0 = Debug|Any CPU
		{D6634D82-B6D6-4FAB-B292-66EA869E41A6}.Release|Any CPU.ActiveCfg = Release|Any CPU
		{D6634D82-B6D6-4FAB-B292-66EA869E41A6}.Release|Any CPU.Build.0 = Release|Any CPU
		{0E8E2C75-1D4C-4632-B427-F261EB58E149}.Debug|Any CPU.ActiveCfg = Debug|Any CPU
		{0E8E2C75-1D4C-4632-B427-F261EB58E149}.Debug|Any CPU.Build.0 = Debug|Any CPU
		{0E8E2C75-1D4C-4632-B427-F261EB58E149}.Release|Any CPU.ActiveCfg = Release|Any CPU
		{0E8E2C75-1D4C-4632-B427-F261EB58E149}.Release|Any CPU.Build.0 = Release|Any CPU
		{AC3A1B5E-72EB-442C-9901-2BD846941F3B}.Debug|Any CPU.ActiveCfg = Debug|Any CPU
		{AC3A1B5E-72EB-442C-9901-2BD846941F3B}.Debug|Any CPU.Build.0 = Debug|Any CPU
		{AC3A1B5E-72EB-442C-9901-2BD846941F3B}.Release|Any CPU.ActiveCfg = Release|Any CPU
		{AC3A1B5E-72EB-442C-9901-2BD846941F3B}.Release|Any CPU.Build.0 = Release|Any CPU
		{1FF53649-95DC-450A-A802-DEE5F9AC4BA9}.Debug|Any CPU.ActiveCfg = Debug|Any CPU
		{1FF53649-95DC-450A-A802-DEE5F9AC4BA9}.Debug|Any CPU.Build.0 = Debug|Any CPU
		{1FF53649-95DC-450A-A802-DEE5F9AC4BA9}.Release|Any CPU.ActiveCfg = Release|Any CPU
		{1FF53649-95DC-450A-A802-DEE5F9AC4BA9}.Release|Any CPU.Build.0 = Release|Any CPU
	EndGlobalSection
	GlobalSection(SolutionProperties) = preSolution
		HideSolutionNode = FALSE
	EndGlobalSection
	GlobalSection(NestedProjects) = preSolution
		{42DAF224-F910-47C1-8074-A60432F14294} = {D2A9E16D-E584-4765-A3FA-7E90D746206E}
		{F032794B-043C-40D6-9482-9C47BA459A70} = {8A87A333-34F7-438D-9D6F-7059B572C7DF}
		{D6634D82-B6D6-4FAB-B292-66EA869E41A6} = {413F2EF6-D750-4D21-B4B4-7353B280F7D4}
		{0E8E2C75-1D4C-4632-B427-F261EB58E149} = {D3AE5B82-5869-46F2-BC2B-1AC7C58FBE1C}
		{AC3A1B5E-72EB-442C-9901-2BD846941F3B} = {DB5514EA-5812-4579-B1BD-51BF62D43292}
		{1FF53649-95DC-450A-A802-DEE5F9AC4BA9} = {DB5514EA-5812-4579-B1BD-51BF62D43292}
	EndGlobalSection
	GlobalSection(ExtensibilityGlobals) = postSolution
		SolutionGuid = {47EB29D3-7268-4F2E-8EEF-1515B35D2DAE}
	EndGlobalSection
EndGlobal
